// !$*UTF8*$!
{
	archiveVersion = 1;
	classes = {
	};
	objectVersion = 50;
	objects = {

/* Begin PBXBuildFile section */
		FE621F5426C693590024A55B /* AppDelegate.swift in Sources */ = {isa = PBXBuildFile; fileRef = FE621F5326C693590024A55B /* AppDelegate.swift */; };
		FE621F5626C693590024A55B /* SceneDelegate.swift in Sources */ = {isa = PBXBuildFile; fileRef = FE621F5526C693590024A55B /* SceneDelegate.swift */; };
		FE621F5826C693590024A55B /* ImdbCollectionsViewController.swift in Sources */ = {isa = PBXBuildFile; fileRef = FE621F5726C693590024A55B /* ImdbCollectionsViewController.swift */; };
		FE621F5B26C693590024A55B /* Main.storyboard in Resources */ = {isa = PBXBuildFile; fileRef = FE621F5926C693590024A55B /* Main.storyboard */; };
		FE621F5D26C6935A0024A55B /* Assets.xcassets in Resources */ = {isa = PBXBuildFile; fileRef = FE621F5C26C6935A0024A55B /* Assets.xcassets */; };
		FE621F6026C6935A0024A55B /* LaunchScreen.storyboard in Resources */ = {isa = PBXBuildFile; fileRef = FE621F5E26C6935A0024A55B /* LaunchScreen.storyboard */; };
		FE621F6A26C693D70024A55B /* ImdbCollectionsImporter.swift in Sources */ = {isa = PBXBuildFile; fileRef = FE621F6926C693D70024A55B /* ImdbCollectionsImporter.swift */; };
		FE621F6D26C69E1B0024A55B /* ImdbCollectionData.swift in Sources */ = {isa = PBXBuildFile; fileRef = FE621F6C26C69E1B0024A55B /* ImdbCollectionData.swift */; };
		FE621F6F26C6A1670024A55B /* ImdbCollectionModel.swift in Sources */ = {isa = PBXBuildFile; fileRef = FE621F6E26C6A1670024A55B /* ImdbCollectionModel.swift */; };
		FE621F7126C6B37C0024A55B /* ImdbCollectionType.swift in Sources */ = {isa = PBXBuildFile; fileRef = FE621F7026C6B37C0024A55B /* ImdbCollectionType.swift */; };
		FE621F7326C6C7900024A55B /* K.swift in Sources */ = {isa = PBXBuildFile; fileRef = FE621F7226C6C7900024A55B /* K.swift */; };
/* End PBXBuildFile section */

/* Begin PBXFileReference section */
		FE621F5026C693590024A55B /* myIMDb.app */ = {isa = PBXFileReference; explicitFileType = wrapper.application; includeInIndex = 0; path = myIMDb.app; sourceTree = BUILT_PRODUCTS_DIR; };
		FE621F5326C693590024A55B /* AppDelegate.swift */ = {isa = PBXFileReference; lastKnownFileType = sourcecode.swift; path = AppDelegate.swift; sourceTree = "<group>"; };
		FE621F5526C693590024A55B /* SceneDelegate.swift */ = {isa = PBXFileReference; lastKnownFileType = sourcecode.swift; path = SceneDelegate.swift; sourceTree = "<group>"; };
		FE621F5726C693590024A55B /* ImdbCollectionsViewController.swift */ = {isa = PBXFileReference; lastKnownFileType = sourcecode.swift; path = ImdbCollectionsViewController.swift; sourceTree = "<group>"; };
		FE621F5A26C693590024A55B /* Base */ = {isa = PBXFileReference; lastKnownFileType = file.storyboard; name = Base; path = Base.lproj/Main.storyboard; sourceTree = "<group>"; };
		FE621F5C26C6935A0024A55B /* Assets.xcassets */ = {isa = PBXFileReference; lastKnownFileType = folder.assetcatalog; path = Assets.xcassets; sourceTree = "<group>"; };
		FE621F5F26C6935A0024A55B /* Base */ = {isa = PBXFileReference; lastKnownFileType = file.storyboard; name = Base; path = Base.lproj/LaunchScreen.storyboard; sourceTree = "<group>"; };
		FE621F6126C6935A0024A55B /* Info.plist */ = {isa = PBXFileReference; lastKnownFileType = text.plist.xml; path = Info.plist; sourceTree = "<group>"; };
		FE621F6926C693D70024A55B /* ImdbCollectionsImporter.swift */ = {isa = PBXFileReference; lastKnownFileType = sourcecode.swift; path = ImdbCollectionsImporter.swift; sourceTree = "<group>"; };
		FE621F6C26C69E1B0024A55B /* ImdbCollectionData.swift */ = {isa = PBXFileReference; lastKnownFileType = sourcecode.swift; path = ImdbCollectionData.swift; sourceTree = "<group>"; };
		FE621F6E26C6A1670024A55B /* ImdbCollectionModel.swift */ = {isa = PBXFileReference; lastKnownFileType = sourcecode.swift; path = ImdbCollectionModel.swift; sourceTree = "<group>"; };
		FE621F7026C6B37C0024A55B /* ImdbCollectionType.swift */ = {isa = PBXFileReference; lastKnownFileType = sourcecode.swift; path = ImdbCollectionType.swift; sourceTree = "<group>"; };
		FE621F7226C6C7900024A55B /* K.swift */ = {isa = PBXFileReference; lastKnownFileType = sourcecode.swift; path = K.swift; sourceTree = "<group>"; };
/* End PBXFileReference section */

/* Begin PBXFrameworksBuildPhase section */
		FE621F4D26C693590024A55B /* Frameworks */ = {
			isa = PBXFrameworksBuildPhase;
			buildActionMask = 2147483647;
			files = (
			);
			runOnlyForDeploymentPostprocessing = 0;
		};
/* End PBXFrameworksBuildPhase section */

/* Begin PBXGroup section */
		FE621F4726C693590024A55B = {
			isa = PBXGroup;
			children = (
				FE621F5226C693590024A55B /* myIMDb */,
				FE621F5126C693590024A55B /* Products */,
			);
			sourceTree = "<group>";
		};
		FE621F5126C693590024A55B /* Products */ = {
			isa = PBXGroup;
			children = (
				FE621F5026C693590024A55B /* myIMDb.app */,
			);
			name = Products;
			sourceTree = "<group>";
		};
		FE621F5226C693590024A55B /* myIMDb */ = {
			isa = PBXGroup;
			children = (
				FE621F5326C693590024A55B /* AppDelegate.swift */,
				FE621F5526C693590024A55B /* SceneDelegate.swift */,
				FE621F6B26C693DF0024A55B /* Models */,
				FE621F6826C693A40024A55B /* Views */,
				FE621F6726C693970024A55B /* Controllers */,
				FE621F5C26C6935A0024A55B /* Assets.xcassets */,
				FE621F5E26C6935A0024A55B /* LaunchScreen.storyboard */,
				FE621F6126C6935A0024A55B /* Info.plist */,
			);
			path = myIMDb;
			sourceTree = "<group>";
		};
		FE621F6726C693970024A55B /* Controllers */ = {
			isa = PBXGroup;
			children = (
				FE621F5726C693590024A55B /* ImdbCollectionsViewController.swift */,
			);
			path = Controllers;
			sourceTree = "<group>";
		};
		FE621F6826C693A40024A55B /* Views */ = {
			isa = PBXGroup;
			children = (
				FE621F5926C693590024A55B /* Main.storyboard */,
			);
			path = Views;
			sourceTree = "<group>";
		};
		FE621F6B26C693DF0024A55B /* Models */ = {
			isa = PBXGroup;
			children = (
				FE621F7426C6CB140024A55B /* ImdbCollectionModels */,
				FE621F7226C6C7900024A55B /* K.swift */,
			);
			path = Models;
			sourceTree = "<group>";
		};
		FE621F7426C6CB140024A55B /* ImdbCollectionModels */ = {
			isa = PBXGroup;
			children = (
				FE621F6926C693D70024A55B /* ImdbCollectionsImporter.swift */,
				FE621F6C26C69E1B0024A55B /* ImdbCollectionData.swift */,
				FE621F6E26C6A1670024A55B /* ImdbCollectionModel.swift */,
				FE621F7026C6B37C0024A55B /* ImdbCollectionType.swift */,
			);
			path = ImdbCollectionModels;
			sourceTree = "<group>";
		};
/* End PBXGroup section */

/* Begin PBXNativeTarget section */
		FE621F4F26C693590024A55B /* myIMDb */ = {
			isa = PBXNativeTarget;
			buildConfigurationList = FE621F6426C6935A0024A55B /* Build configuration list for PBXNativeTarget "myIMDb" */;
			buildPhases = (
				FE621F4C26C693590024A55B /* Sources */,
				FE621F4D26C693590024A55B /* Frameworks */,
				FE621F4E26C693590024A55B /* Resources */,
			);
			buildRules = (
			);
			dependencies = (
			);
			name = myIMDb;
			productName = myIMDb;
			productReference = FE621F5026C693590024A55B /* myIMDb.app */;
			productType = "com.apple.product-type.application";
		};
/* End PBXNativeTarget section */

/* Begin PBXProject section */
		FE621F4826C693590024A55B /* Project object */ = {
			isa = PBXProject;
			attributes = {
				LastSwiftUpdateCheck = 1250;
				LastUpgradeCheck = 1250;
				TargetAttributes = {
					FE621F4F26C693590024A55B = {
						CreatedOnToolsVersion = 12.5.1;
					};
				};
			};
			buildConfigurationList = FE621F4B26C693590024A55B /* Build configuration list for PBXProject "myIMDb" */;
			compatibilityVersion = "Xcode 9.3";
			developmentRegion = en;
			hasScannedForEncodings = 0;
			knownRegions = (
				en,
				Base,
			);
			mainGroup = FE621F4726C693590024A55B;
			productRefGroup = FE621F5126C693590024A55B /* Products */;
			projectDirPath = "";
			projectRoot = "";
			targets = (
				FE621F4F26C693590024A55B /* myIMDb */,
			);
		};
/* End PBXProject section */

/* Begin PBXResourcesBuildPhase section */
		FE621F4E26C693590024A55B /* Resources */ = {
			isa = PBXResourcesBuildPhase;
			buildActionMask = 2147483647;
			files = (
				FE621F6026C6935A0024A55B /* LaunchScreen.storyboard in Resources */,
				FE621F5D26C6935A0024A55B /* Assets.xcassets in Resources */,
				FE621F5B26C693590024A55B /* Main.storyboard in Resources */,
			);
			runOnlyForDeploymentPostprocessing = 0;
		};
/* End PBXResourcesBuildPhase section */

/* Begin PBXSourcesBuildPhase section */
		FE621F4C26C693590024A55B /* Sources */ = {
			isa = PBXSourcesBuildPhase;
			buildActionMask = 2147483647;
			files = (
				FE621F5826C693590024A55B /* ImdbCollectionsViewController.swift in Sources */,
				FE621F5426C693590024A55B /* AppDelegate.swift in Sources */,
				FE621F5626C693590024A55B /* SceneDelegate.swift in Sources */,
				FE621F6F26C6A1670024A55B /* ImdbCollectionModel.swift in Sources */,
				FE621F7126C6B37C0024A55B /* ImdbCollectionType.swift in Sources */,
				FE621F7326C6C7900024A55B /* K.swift in Sources */,
				FE621F6A26C693D70024A55B /* ImdbCollectionsImporter.swift in Sources */,
				FE621F6D26C69E1B0024A55B /* ImdbCollectionData.swift in Sources */,
			);
			runOnlyForDeploymentPostprocessing = 0;
		};
/* End PBXSourcesBuildPhase section */

/* Begin PBXVariantGroup section */
		FE621F5926C693590024A55B /* Main.storyboard */ = {
			isa = PBXVariantGroup;
			children = (
				FE621F5A26C693590024A55B /* Base */,
			);
			name = Main.storyboard;
			sourceTree = "<group>";
		};
		FE621F5E26C6935A0024A55B /* LaunchScreen.storyboard */ = {
			isa = PBXVariantGroup;
			children = (
				FE621F5F26C6935A0024A55B /* Base */,
			);
			name = LaunchScreen.storyboard;
			sourceTree = "<group>";
		};
/* End PBXVariantGroup section */

/* Begin XCBuildConfiguration section */
		FE621F6226C6935A0024A55B /* Debug */ = {
			isa = XCBuildConfiguration;
			buildSettings = {
				ALWAYS_SEARCH_USER_PATHS = NO;
				CLANG_ANALYZER_NONNULL = YES;
				CLANG_ANALYZER_NUMBER_OBJECT_CONVERSION = YES_AGGRESSIVE;
				CLANG_CXX_LANGUAGE_STANDARD = "gnu++14";
				CLANG_CXX_LIBRARY = "libc++";
				CLANG_ENABLE_MODULES = YES;
				CLANG_ENABLE_OBJC_ARC = YES;
				CLANG_ENABLE_OBJC_WEAK = YES;
				CLANG_WARN_BLOCK_CAPTURE_AUTORELEASING = YES;
				CLANG_WARN_BOOL_CONVERSION = YES;
				CLANG_WARN_COMMA = YES;
				CLANG_WARN_CONSTANT_CONVERSION = YES;
				CLANG_WARN_DEPRECATED_OBJC_IMPLEMENTATIONS = YES;
				CLANG_WARN_DIRECT_OBJC_ISA_USAGE = YES_ERROR;
				CLANG_WARN_DOCUMENTATION_COMMENTS = YES;
				CLANG_WARN_EMPTY_BODY = YES;
				CLANG_WARN_ENUM_CONVERSION = YES;
				CLANG_WARN_INFINITE_RECURSION = YES;
				CLANG_WARN_INT_CONVERSION = YES;
				CLANG_WARN_NON_LITERAL_NULL_CONVERSION = YES;
				CLANG_WARN_OBJC_IMPLICIT_RETAIN_SELF = YES;
				CLANG_WARN_OBJC_LITERAL_CONVERSION = YES;
				CLANG_WARN_OBJC_ROOT_CLASS = YES_ERROR;
				CLANG_WARN_QUOTED_INCLUDE_IN_FRAMEWORK_HEADER = YES;
				CLANG_WARN_RANGE_LOOP_ANALYSIS = YES;
				CLANG_WARN_STRICT_PROTOTYPES = YES;
				CLANG_WARN_SUSPICIOUS_MOVE = YES;
				CLANG_WARN_UNGUARDED_AVAILABILITY = YES_AGGRESSIVE;
				CLANG_WARN_UNREACHABLE_CODE = YES;
				CLANG_WARN__DUPLICATE_METHOD_MATCH = YES;
				COPY_PHASE_STRIP = NO;
				DEBUG_INFORMATION_FORMAT = dwarf;
				ENABLE_STRICT_OBJC_MSGSEND = YES;
				ENABLE_TESTABILITY = YES;
				GCC_C_LANGUAGE_STANDARD = gnu11;
				GCC_DYNAMIC_NO_PIC = NO;
				GCC_NO_COMMON_BLOCKS = YES;
				GCC_OPTIMIZATION_LEVEL = 0;
				GCC_PREPROCESSOR_DEFINITIONS = (
					"DEBUG=1",
					"$(inherited)",
				);
				GCC_WARN_64_TO_32_BIT_CONVERSION = YES;
				GCC_WARN_ABOUT_RETURN_TYPE = YES_ERROR;
				GCC_WARN_UNDECLARED_SELECTOR = YES;
				GCC_WARN_UNINITIALIZED_AUTOS = YES_AGGRESSIVE;
				GCC_WARN_UNUSED_FUNCTION = YES;
				GCC_WARN_UNUSED_VARIABLE = YES;
				IPHONEOS_DEPLOYMENT_TARGET = 14.5;
				MTL_ENABLE_DEBUG_INFO = INCLUDE_SOURCE;
				MTL_FAST_MATH = YES;
				ONLY_ACTIVE_ARCH = YES;
				SDKROOT = iphoneos;
				SWIFT_ACTIVE_COMPILATION_CONDITIONS = DEBUG;
				SWIFT_OPTIMIZATION_LEVEL = "-Onone";
			};
			name = Debug;
		};
		FE621F6326C6935A0024A55B /* Release */ = {
			isa = XCBuildConfiguration;
			buildSettings = {
				ALWAYS_SEARCH_USER_PATHS = NO;
				CLANG_ANALYZER_NONNULL = YES;
				CLANG_ANALYZER_NUMBER_OBJECT_CONVERSION = YES_AGGRESSIVE;
				CLANG_CXX_LANGUAGE_STANDARD = "gnu++14";
				CLANG_CXX_LIBRARY = "libc++";
				CLANG_ENABLE_MODULES = YES;
				CLANG_ENABLE_OBJC_ARC = YES;
				CLANG_ENABLE_OBJC_WEAK = YES;
				CLANG_WARN_BLOCK_CAPTURE_AUTORELEASING = YES;
				CLANG_WARN_BOOL_CONVERSION = YES;
				CLANG_WARN_COMMA = YES;
				CLANG_WARN_CONSTANT_CONVERSION = YES;
				CLANG_WARN_DEPRECATED_OBJC_IMPLEMENTATIONS = YES;
				CLANG_WARN_DIRECT_OBJC_ISA_USAGE = YES_ERROR;
				CLANG_WARN_DOCUMENTATION_COMMENTS = YES;
				CLANG_WARN_EMPTY_BODY = YES;
				CLANG_WARN_ENUM_CONVERSION = YES;
				CLANG_WARN_INFINITE_RECURSION = YES;
				CLANG_WARN_INT_CONVERSION = YES;
				CLANG_WARN_NON_LITERAL_NULL_CONVERSION = YES;
				CLANG_WARN_OBJC_IMPLICIT_RETAIN_SELF = YES;
				CLANG_WARN_OBJC_LITERAL_CONVERSION = YES;
				CLANG_WARN_OBJC_ROOT_CLASS = YES_ERROR;
				CLANG_WARN_QUOTED_INCLUDE_IN_FRAMEWORK_HEADER = YES;
				CLANG_WARN_RANGE_LOOP_ANALYSIS = YES;
				CLANG_WARN_STRICT_PROTOTYPES = YES;
				CLANG_WARN_SUSPICIOUS_MOVE = YES;
				CLANG_WARN_UNGUARDED_AVAILABILITY = YES_AGGRESSIVE;
				CLANG_WARN_UNREACHABLE_CODE = YES;
				CLANG_WARN__DUPLICATE_METHOD_MATCH = YES;
				COPY_PHASE_STRIP = NO;
				DEBUG_INFORMATION_FORMAT = "dwarf-with-dsym";
				ENABLE_NS_ASSERTIONS = NO;
				ENABLE_STRICT_OBJC_MSGSEND = YES;
				GCC_C_LANGUAGE_STANDARD = gnu11;
				GCC_NO_COMMON_BLOCKS = YES;
				GCC_WARN_64_TO_32_BIT_CONVERSION = YES;
				GCC_WARN_ABOUT_RETURN_TYPE = YES_ERROR;
				GCC_WARN_UNDECLARED_SELECTOR = YES;
				GCC_WARN_UNINITIALIZED_AUTOS = YES_AGGRESSIVE;
				GCC_WARN_UNUSED_FUNCTION = YES;
				GCC_WARN_UNUSED_VARIABLE = YES;
				IPHONEOS_DEPLOYMENT_TARGET = 14.5;
				MTL_ENABLE_DEBUG_INFO = NO;
				MTL_FAST_MATH = YES;
				SDKROOT = iphoneos;
				SWIFT_COMPILATION_MODE = wholemodule;
				SWIFT_OPTIMIZATION_LEVEL = "-O";
				VALIDATE_PRODUCT = YES;
			};
			name = Release;
		};
		FE621F6526C6935A0024A55B /* Debug */ = {
			isa = XCBuildConfiguration;
			buildSettings = {
				ASSETCATALOG_COMPILER_APPICON_NAME = AppIcon;
				ASSETCATALOG_COMPILER_GLOBAL_ACCENT_COLOR_NAME = AccentColor;
				CODE_SIGN_STYLE = Automatic;
				INFOPLIST_FILE = myIMDb/Info.plist;
				LD_RUNPATH_SEARCH_PATHS = (
					"$(inherited)",
					"@executable_path/Frameworks",
				);
				PRODUCT_BUNDLE_IDENTIFIER = com.vitalityemelianov.myIMDb;
				PRODUCT_NAME = "$(TARGET_NAME)";
				SWIFT_VERSION = 5.0;
				TARGETED_DEVICE_FAMILY = "1,2";
			};
			name = Debug;
		};
		FE621F6626C6935A0024A55B /* Release */ = {
			isa = XCBuildConfiguration;
			buildSettings = {
				ASSETCATALOG_COMPILER_APPICON_NAME = AppIcon;
				ASSETCATALOG_COMPILER_GLOBAL_ACCENT_COLOR_NAME = AccentColor;
				CODE_SIGN_STYLE = Automatic;
				INFOPLIST_FILE = myIMDb/Info.plist;
				LD_RUNPATH_SEARCH_PATHS = (
					"$(inherited)",
					"@executable_path/Frameworks",
				);
				PRODUCT_BUNDLE_IDENTIFIER = com.vitalityemelianov.myIMDb;
				PRODUCT_NAME = "$(TARGET_NAME)";
				SWIFT_VERSION = 5.0;
				TARGETED_DEVICE_FAMILY = "1,2";
			};
			name = Release;
		};
/* End XCBuildConfiguration section */

/* Begin XCConfigurationList section */
		FE621F4B26C693590024A55B /* Build configuration list for PBXProject "myIMDb" */ = {
			isa = XCConfigurationList;
			buildConfigurations = (
				FE621F6226C6935A0024A55B /* Debug */,
				FE621F6326C6935A0024A55B /* Release */,
			);
			defaultConfigurationIsVisible = 0;
			defaultConfigurationName = Release;
		};
		FE621F6426C6935A0024A55B /* Build configuration list for PBXNativeTarget "myIMDb" */ = {
			isa = XCConfigurationList;
			buildConfigurations = (
				FE621F6526C6935A0024A55B /* Debug */,
				FE621F6626C6935A0024A55B /* Release */,
			);
			defaultConfigurationIsVisible = 0;
			defaultConfigurationName = Release;
		};
/* End XCConfigurationList section */
	};
	rootObject = FE621F4826C693590024A55B /* Project object */;
}
